PODS:
  - CocoaAsyncSocket (7.6.5)
  - Flutter (1.0.0)
  - HTTPParserC (2.9.4)
  - integration_test (0.0.1):
    - Flutter
  - path_provider_foundation (0.0.1):
    - Flutter
    - FlutterMacOS
  - patrol (0.0.1):
    - Flutter
    - Telegraph (~> 0.30.0)
  - shared_preferences_foundation (0.0.1):
    - Flutter
    - FlutterMacOS
  - Telegraph (0.30.0):
    - CocoaAsyncSocket (~> 7.6)
    - HTTPParserC (~> 2.9)

DEPENDENCIES:
  - Flutter (from `Flutter`)
  - integration_test (from `.symlinks/plugins/integration_test/ios`)
  - path_provider_foundation (from `.symlinks/plugins/path_provider_foundation/darwin`)
  - patrol (from `.symlinks/plugins/patrol/ios`)
  - shared_preferences_foundation (from `.symlinks/plugins/shared_preferences_foundation/darwin`)

SPEC REPOS:
  trunk:
    - CocoaAsyncSocket
    - HTTPParserC
    - Telegraph

EXTERNAL SOURCES:
  Flutter:
    :path: Flutter
  integration_test:
    :path: ".symlinks/plugins/integration_test/ios"
  path_provider_foundation:
    :path: ".symlinks/plugins/path_provider_foundation/darwin"
  patrol:
    :path: ".symlinks/plugins/patrol/ios"
  shared_preferences_foundation:
    :path: ".symlinks/plugins/shared_preferences_foundation/darwin"

SPEC CHECKSUMS:
  CocoaAsyncSocket: 065fd1e645c7abab64f7a6a2007a48038fdc6a99
  Flutter: f04841e97a9d0b0a8025694d0796dd46242b2854
  HTTPParserC: aea14c3d2d4ac5beb3988781daa36dfa62e0d9ef
  integration_test: 13825b8a9334a850581300559b8839134b124670
  path_provider_foundation: 29f094ae23ebbca9d3d0cec13889cd9060c0e943
  patrol: 0966206ac7e717e0ee4d9b6b4e86c8aab62acbfc
  shared_preferences_foundation: 5b919d13b803cadd15ed2dc053125c68730e5126
  Telegraph: 12576b119324138e4929792af9e5a1085c2ecbc1

PODFILE CHECKSUM: 6981f9dc2e0489221ce522ebd3c6e77f125aaadc

COCOAPODS: 1.13.0
